
Microsoft Visual Studio Solution File, Format Version 12.00
# Visual Studio Version 17
VisualStudioVersion = 17.3.32929.385
MinimumVisualStudioVersion = 10.0.40219.1
Project("{9A19103F-16F7-4668-BE54-9A1E7A4F7556}") = "AddressGenerator", "AddressGenerator\AddressGenerator.csproj", "{1E233285-6492-42C6-B681-309F82C992F1}"
EndProject
Project("{9A19103F-16F7-4668-BE54-9A1E7A4F7556}") = "ScriptToAddress", "..\ScriptToAddress\ScriptToAddress.csproj", "{F4656CC6-E69F-493D-AB17-DED533EDD3EA}"
EndProject
Project("{FAE04EC0-301F-11D3-BF4B-00C04F79EFBC}") = "ScriptToAddressFile", "..\ScriptToAddressFile\ScriptToAddressFile.csproj", "{25162ED5-872F-488A-82AE-056B2DDBD48B}"
EndProject
Global
	GlobalSection(SolutionConfigurationPlatforms) = preSolution
		Debug|Any CPU = Debug|Any CPU
		Release|Any CPU = Release|Any CPU
	EndGlobalSection
	GlobalSection(ProjectConfigurationPlatforms) = postSolution
		{1E233285-6492-42C6-B681-309F82C992F1}.Debug|Any CPU.ActiveCfg = Debug|Any CPU
		{1E233285-6492-42C6-B681-309F82C992F1}.Debug|Any CPU.Build.0 = Debug|Any CPU
		{1E233285-6492-42C6-B681-309F82C992F1}.Release|Any CPU.ActiveCfg = Release|Any CPU
		{1E233285-6492-42C6-B681-309F82C992F1}.Release|Any CPU.Build.0 = Release|Any CPU
		{F4656CC6-E69F-493D-AB17-DED533EDD3EA}.Debug|Any CPU.ActiveCfg = Debug|Any CPU
		{F4656CC6-E69F-493D-AB17-DED533EDD3EA}.Debug|Any CPU.Build.0 = Debug|Any CPU
		{F4656CC6-E69F-493D-AB17-DED533EDD3EA}.Release|Any CPU.ActiveCfg = Release|Any CPU
		{F4656CC6-E69F-493D-AB17-DED533EDD3EA}.Release|Any CPU.Build.0 = Release|Any CPU
		{25162ED5-872F-488A-82AE-056B2DDBD48B}.Debug|Any CPU.ActiveCfg = Debug|Any CPU
		{25162ED5-872F-488A-82AE-056B2DDBD48B}.Debug|Any CPU.Build.0 = Debug|Any CPU
		{25162ED5-872F-488A-82AE-056B2DDBD48B}.Release|Any CPU.ActiveCfg = Release|Any CPU
		{25162ED5-872F-488A-82AE-056B2DDBD48B}.Release|Any CPU.Build.0 = Release|Any CPU
	EndGlobalSection
	GlobalSection(SolutionProperties) = preSolution
		HideSolutionNode = FALSE
	EndGlobalSection
	GlobalSection(ExtensibilityGlobals) = postSolution
		SolutionGuid = {3D62D927-28BA-43AD-97EE-55AE9E185535}
	EndGlobalSection
EndGlobal
